
Microsoft Visual Studio Solution File, Format Version 12.00
Project("{2150E333-8FDC-42A3-9474-1A3956D46DE8}") = "Core", "Core", "{17881B48-2BDC-464E-AD52-C284B1997A56}"
EndProject
Project("{2150E333-8FDC-42A3-9474-1A3956D46DE8}") = "Infrastructure ", "Infrastructure ", "{034CC5BF-BB11-41CA-B6F4-A7E90E886E04}"
EndProject
Project("{2150E333-8FDC-42A3-9474-1A3956D46DE8}") = "Presentation ", "Presentation ", "{1BA29224-0925-467E-B2E8-AD990866120E}"
EndProject
Project("{FAE04EC0-301F-11D3-BF4B-00C04F79EFBC}") = "SNTLA-DEMO.Application", "SNTLA-DEMO.Application\SNTLA-DEMO.Application.csproj", "{BF84E111-07EB-4414-8CC2-2DE0E3B7932D}"
EndProject
Project("{FAE04EC0-301F-11D3-BF4B-00C04F79EFBC}") = "SNTLA-DEMO.Domain", "SNTLA-DEMO.Domain\SNTLA-DEMO.Domain.csproj", "{C4A89ABB-8640-4E4B-941B-095C3ADD7BB8}"
EndProject
Project("{FAE04EC0-301F-11D3-BF4B-00C04F79EFBC}") = "SNTLA-DEMO.Persistence", "SNTLA-DEMO.Persistence\SNTLA-DEMO.Persistence.csproj", "{C2E8EF47-C5ED-4532-92FD-3E20B3B278EF}"
EndProject
Project("{FAE04EC0-301F-11D3-BF4B-00C04F79EFBC}") = "SNTLA-DEMO.WebAPI", "SNTLA-DEMO.WebAPI\SNTLA-DEMO.WebAPI.csproj", "{D5C83364-781A-4008-841F-318464F4DCC1}"
EndProject
Global
	GlobalSection(SolutionConfigurationPlatforms) = preSolution
		Debug|Any CPU = Debug|Any CPU
		Release|Any CPU = Release|Any CPU
	EndGlobalSection
	GlobalSection(NestedProjects) = preSolution
		{C2E8EF47-C5ED-4532-92FD-3E20B3B278EF} = {034CC5BF-BB11-41CA-B6F4-A7E90E886E04}
		{BF84E111-07EB-4414-8CC2-2DE0E3B7932D} = {17881B48-2BDC-464E-AD52-C284B1997A56}
		{C4A89ABB-8640-4E4B-941B-095C3ADD7BB8} = {17881B48-2BDC-464E-AD52-C284B1997A56}
		{D5C83364-781A-4008-841F-318464F4DCC1} = {1BA29224-0925-467E-B2E8-AD990866120E}
	EndGlobalSection
	GlobalSection(ProjectConfigurationPlatforms) = postSolution
		{BF84E111-07EB-4414-8CC2-2DE0E3B7932D}.Debug|Any CPU.ActiveCfg = Debug|Any CPU
		{BF84E111-07EB-4414-8CC2-2DE0E3B7932D}.Debug|Any CPU.Build.0 = Debug|Any CPU
		{BF84E111-07EB-4414-8CC2-2DE0E3B7932D}.Release|Any CPU.ActiveCfg = Release|Any CPU
		{BF84E111-07EB-4414-8CC2-2DE0E3B7932D}.Release|Any CPU.Build.0 = Release|Any CPU
		{C4A89ABB-8640-4E4B-941B-095C3ADD7BB8}.Debug|Any CPU.ActiveCfg = Debug|Any CPU
		{C4A89ABB-8640-4E4B-941B-095C3ADD7BB8}.Debug|Any CPU.Build.0 = Debug|Any CPU
		{C4A89ABB-8640-4E4B-941B-095C3ADD7BB8}.Release|Any CPU.ActiveCfg = Release|Any CPU
		{C4A89ABB-8640-4E4B-941B-095C3ADD7BB8}.Release|Any CPU.Build.0 = Release|Any CPU
		{C2E8EF47-C5ED-4532-92FD-3E20B3B278EF}.Debug|Any CPU.ActiveCfg = Debug|Any CPU
		{C2E8EF47-C5ED-4532-92FD-3E20B3B278EF}.Debug|Any CPU.Build.0 = Debug|Any CPU
		{C2E8EF47-C5ED-4532-92FD-3E20B3B278EF}.Release|Any CPU.ActiveCfg = Release|Any CPU
		{C2E8EF47-C5ED-4532-92FD-3E20B3B278EF}.Release|Any CPU.Build.0 = Release|Any CPU
		{D5C83364-781A-4008-841F-318464F4DCC1}.Debug|Any CPU.ActiveCfg = Debug|Any CPU
		{D5C83364-781A-4008-841F-318464F4DCC1}.Debug|Any CPU.Build.0 = Debug|Any CPU
		{D5C83364-781A-4008-841F-318464F4DCC1}.Release|Any CPU.ActiveCfg = Release|Any CPU
		{D5C83364-781A-4008-841F-318464F4DCC1}.Release|Any CPU.Build.0 = Release|Any CPU
	EndGlobalSection
EndGlobal
